
Microsoft Visual Studio Solution File, Format Version 12.00
# Visual Studio Version 17
VisualStudioVersion = 17.10.35122.118
MinimumVisualStudioVersion = 10.0.40219.1
Project("{FAE04EC0-301F-11D3-BF4B-00C04F79EFBC}") = "ListaDeCompras", "ListaDeCompras.csproj", "{E828D0AF-B13C-4753-89D9-92EC6B313154}"
EndProject
Global
	GlobalSection(SolutionConfigurationPlatforms) = preSolution
		Debug|Any CPU = Debug|Any CPU
		Release|Any CPU = Release|Any CPU
	EndGlobalSection
	GlobalSection(ProjectConfigurationPlatforms) = postSolution
		{E828D0AF-B13C-4753-89D9-92EC6B313154}.Debug|Any CPU.ActiveCfg = Debug|Any CPU
		{E828D0AF-B13C-4753-89D9-92EC6B313154}.Debug|Any CPU.Build.0 = Debug|Any CPU
		{E828D0AF-B13C-4753-89D9-92EC6B313154}.Release|Any CPU.ActiveCfg = Release|Any CPU
		{E828D0AF-B13C-4753-89D9-92EC6B313154}.Release|Any CPU.Build.0 = Release|Any CPU
	EndGlobalSection
	GlobalSection(SolutionProperties) = preSolution
		HideSolutionNode = FALSE
	EndGlobalSection
	GlobalSection(ExtensibilityGlobals) = postSolution
		SolutionGuid = {0B96D38A-7D4C-4FA8-A16A-893746F7233D}
	EndGlobalSection
EndGlobal
